// !$*UTF8*$!
{
	archiveVersion = 1;
	classes = {
	};
	objectVersion = 56;
	objects = {

/* Begin PBXBuildFile section */
		3A4F2D3629FA878F00DD92D6 /* MapViewController.swift in Sources */ = {isa = PBXBuildFile; fileRef = 3A4F2D3529FA878F00DD92D6 /* MapViewController.swift */; };
		3A714DCD2A04EC9100BF76C4 /* MapManager.swift in Sources */ = {isa = PBXBuildFile; fileRef = 3A714DCC2A04EC9000BF76C4 /* MapManager.swift */; };
		3A904AD929E97E3400F570F1 /* StorageManager.swift in Sources */ = {isa = PBXBuildFile; fileRef = 3A904AD829E97E3400F570F1 /* StorageManager.swift */; };
		3AC4E02329E7E370006EE2AF /* CustomTableViewCell.swift in Sources */ = {isa = PBXBuildFile; fileRef = 3AC4E02229E7E370006EE2AF /* CustomTableViewCell.swift */; };
		3AC4E02529E7ED21006EE2AF /* PlaceModel.swift in Sources */ = {isa = PBXBuildFile; fileRef = 3AC4E02429E7ED21006EE2AF /* PlaceModel.swift */; };
		3AC4E02729E825AB006EE2AF /* NewPlaceViewController.swift in Sources */ = {isa = PBXBuildFile; fileRef = 3AC4E02629E825AB006EE2AF /* NewPlaceViewController.swift */; };
		3AEDDDD929E6C035005E3AC2 /* AppDelegate.swift in Sources */ = {isa = PBXBuildFile; fileRef = 3AEDDDD829E6C035005E3AC2 /* AppDelegate.swift */; };
		3AEDDDDB29E6C035005E3AC2 /* SceneDelegate.swift in Sources */ = {isa = PBXBuildFile; fileRef = 3AEDDDDA29E6C035005E3AC2 /* SceneDelegate.swift */; };
		3AEDDDE029E6C035005E3AC2 /* Main.storyboard in Resources */ = {isa = PBXBuildFile; fileRef = 3AEDDDDE29E6C035005E3AC2 /* Main.storyboard */; };
		3AEDDDE229E6C038005E3AC2 /* Assets.xcassets in Resources */ = {isa = PBXBuildFile; fileRef = 3AEDDDE129E6C038005E3AC2 /* Assets.xcassets */; };
		3AEDDDE529E6C038005E3AC2 /* LaunchScreen.storyboard in Resources */ = {isa = PBXBuildFile; fileRef = 3AEDDDE329E6C038005E3AC2 /* LaunchScreen.storyboard */; };
		3AEDDDED29E6C5C5005E3AC2 /* MainViewController.swift in Sources */ = {isa = PBXBuildFile; fileRef = 3AEDDDEC29E6C5C5005E3AC2 /* MainViewController.swift */; };
		3AF97F9229F2645A006FB7DD /* RatingControl.swift in Sources */ = {isa = PBXBuildFile; fileRef = 3AF97F9129F2645A006FB7DD /* RatingControl.swift */; };
		80A5C039A213D33294EAF6BC /* Pods_MyPlaces.framework in Frameworks */ = {isa = PBXBuildFile; fileRef = C89DFB70BE6A1556CDD47EDF /* Pods_MyPlaces.framework */; };
/* End PBXBuildFile section */

/* Begin PBXFileReference section */
		16C99E64F3F1B80DF7419F18 /* Pods-MyPlaces.release.xcconfig */ = {isa = PBXFileReference; includeInIndex = 1; lastKnownFileType = text.xcconfig; name = "Pods-MyPlaces.release.xcconfig"; path = "Target Support Files/Pods-MyPlaces/Pods-MyPlaces.release.xcconfig"; sourceTree = "<group>"; };
		1D6DD9268FF36B346986A31D /* Pods-MyPlaces.debug.xcconfig */ = {isa = PBXFileReference; includeInIndex = 1; lastKnownFileType = text.xcconfig; name = "Pods-MyPlaces.debug.xcconfig"; path = "Target Support Files/Pods-MyPlaces/Pods-MyPlaces.debug.xcconfig"; sourceTree = "<group>"; };
		3A4F2D3529FA878F00DD92D6 /* MapViewController.swift */ = {isa = PBXFileReference; lastKnownFileType = sourcecode.swift; path = MapViewController.swift; sourceTree = "<group>"; };
		3A714DCC2A04EC9000BF76C4 /* MapManager.swift */ = {isa = PBXFileReference; lastKnownFileType = sourcecode.swift; path = MapManager.swift; sourceTree = "<group>"; };
		3A904AD829E97E3400F570F1 /* StorageManager.swift */ = {isa = PBXFileReference; lastKnownFileType = sourcecode.swift; path = StorageManager.swift; sourceTree = "<group>"; };
		3AC4E02229E7E370006EE2AF /* CustomTableViewCell.swift */ = {isa = PBXFileReference; lastKnownFileType = sourcecode.swift; path = CustomTableViewCell.swift; sourceTree = "<group>"; };
		3AC4E02429E7ED21006EE2AF /* PlaceModel.swift */ = {isa = PBXFileReference; lastKnownFileType = sourcecode.swift; path = PlaceModel.swift; sourceTree = "<group>"; };
		3AC4E02629E825AB006EE2AF /* NewPlaceViewController.swift */ = {isa = PBXFileReference; lastKnownFileType = sourcecode.swift; path = NewPlaceViewController.swift; sourceTree = "<group>"; };
		3AEDDDD529E6C035005E3AC2 /* MyPlaces.app */ = {isa = PBXFileReference; explicitFileType = wrapper.application; includeInIndex = 0; path = MyPlaces.app; sourceTree = BUILT_PRODUCTS_DIR; };
		3AEDDDD829E6C035005E3AC2 /* AppDelegate.swift */ = {isa = PBXFileReference; lastKnownFileType = sourcecode.swift; path = AppDelegate.swift; sourceTree = "<group>"; };
		3AEDDDDA29E6C035005E3AC2 /* SceneDelegate.swift */ = {isa = PBXFileReference; lastKnownFileType = sourcecode.swift; path = SceneDelegate.swift; sourceTree = "<group>"; };
		3AEDDDDF29E6C035005E3AC2 /* Base */ = {isa = PBXFileReference; lastKnownFileType = file.storyboard; name = Base; path = Base.lproj/Main.storyboard; sourceTree = "<group>"; };
		3AEDDDE129E6C038005E3AC2 /* Assets.xcassets */ = {isa = PBXFileReference; lastKnownFileType = folder.assetcatalog; path = Assets.xcassets; sourceTree = "<group>"; };
		3AEDDDE429E6C038005E3AC2 /* Base */ = {isa = PBXFileReference; lastKnownFileType = file.storyboard; name = Base; path = Base.lproj/LaunchScreen.storyboard; sourceTree = "<group>"; };
		3AEDDDE629E6C038005E3AC2 /* Info.plist */ = {isa = PBXFileReference; lastKnownFileType = text.plist.xml; path = Info.plist; sourceTree = "<group>"; };
		3AEDDDEC29E6C5C5005E3AC2 /* MainViewController.swift */ = {isa = PBXFileReference; lastKnownFileType = sourcecode.swift; path = MainViewController.swift; sourceTree = "<group>"; };
		3AF97F9129F2645A006FB7DD /* RatingControl.swift */ = {isa = PBXFileReference; lastKnownFileType = sourcecode.swift; path = RatingControl.swift; sourceTree = "<group>"; };
		C89DFB70BE6A1556CDD47EDF /* Pods_MyPlaces.framework */ = {isa = PBXFileReference; explicitFileType = wrapper.framework; includeInIndex = 0; path = Pods_MyPlaces.framework; sourceTree = BUILT_PRODUCTS_DIR; };
/* End PBXFileReference section */

/* Begin PBXFrameworksBuildPhase section */
		3AEDDDD229E6C035005E3AC2 /* Frameworks */ = {
			isa = PBXFrameworksBuildPhase;
			buildActionMask = 2147483647;
			files = (
				80A5C039A213D33294EAF6BC /* Pods_MyPlaces.framework in Frameworks */,
			);
			runOnlyForDeploymentPostprocessing = 0;
		};
/* End PBXFrameworksBuildPhase section */

/* Begin PBXGroup section */
		3AA21CB92A0BC38A00048BA3 /* ViewControllers */ = {
			isa = PBXGroup;
			children = (
				3AEDDDEC29E6C5C5005E3AC2 /* MainViewController.swift */,
				3AC4E02629E825AB006EE2AF /* NewPlaceViewController.swift */,
				3A4F2D3529FA878F00DD92D6 /* MapViewController.swift */,
				3AC4E02229E7E370006EE2AF /* CustomTableViewCell.swift */,
			);
			path = ViewControllers;
			sourceTree = "<group>";
		};
		3AA21CBA2A0BC3B600048BA3 /* Models */ = {
			isa = PBXGroup;
			children = (
				3AC4E02429E7ED21006EE2AF /* PlaceModel.swift */,
			);
			path = Models;
			sourceTree = "<group>";
		};
		3AA21CBB2A0BC3C300048BA3 /* Helpers */ = {
			isa = PBXGroup;
			children = (
				3A714DCC2A04EC9000BF76C4 /* MapManager.swift */,
				3A904AD829E97E3400F570F1 /* StorageManager.swift */,
				3AF97F9129F2645A006FB7DD /* RatingControl.swift */,
			);
			path = Helpers;
			sourceTree = "<group>";
		};
		3AEDDDCC29E6C035005E3AC2 = {
			isa = PBXGroup;
			children = (
				3AEDDDD729E6C035005E3AC2 /* MyPlaces */,
				3AEDDDD629E6C035005E3AC2 /* Products */,
				C3A92E94318EDC4D10457607 /* Pods */,
				D6DA12B62230F2C983F10DEF /* Frameworks */,
			);
			sourceTree = "<group>";
		};
		3AEDDDD629E6C035005E3AC2 /* Products */ = {
			isa = PBXGroup;
			children = (
				3AEDDDD529E6C035005E3AC2 /* MyPlaces.app */,
			);
			name = Products;
			sourceTree = "<group>";
		};
		3AEDDDD729E6C035005E3AC2 /* MyPlaces */ = {
			isa = PBXGroup;
			children = (
				3AA21CB92A0BC38A00048BA3 /* ViewControllers */,
				3AA21CBB2A0BC3C300048BA3 /* Helpers */,
				3AA21CBA2A0BC3B600048BA3 /* Models */,
				3AEDDDD829E6C035005E3AC2 /* AppDelegate.swift */,
				3AEDDDDA29E6C035005E3AC2 /* SceneDelegate.swift */,
				3AEDDDDE29E6C035005E3AC2 /* Main.storyboard */,
				3AEDDDE129E6C038005E3AC2 /* Assets.xcassets */,
				3AEDDDE329E6C038005E3AC2 /* LaunchScreen.storyboard */,
				3AEDDDE629E6C038005E3AC2 /* Info.plist */,
			);
			path = MyPlaces;
			sourceTree = "<group>";
		};
		C3A92E94318EDC4D10457607 /* Pods */ = {
			isa = PBXGroup;
			children = (
				1D6DD9268FF36B346986A31D /* Pods-MyPlaces.debug.xcconfig */,
				16C99E64F3F1B80DF7419F18 /* Pods-MyPlaces.release.xcconfig */,
			);
			path = Pods;
			sourceTree = "<group>";
		};
		D6DA12B62230F2C983F10DEF /* Frameworks */ = {
			isa = PBXGroup;
			children = (
				C89DFB70BE6A1556CDD47EDF /* Pods_MyPlaces.framework */,
			);
			name = Frameworks;
			sourceTree = "<group>";
		};
/* End PBXGroup section */

/* Begin PBXNativeTarget section */
		3AEDDDD429E6C035005E3AC2 /* MyPlaces */ = {
			isa = PBXNativeTarget;
			buildConfigurationList = 3AEDDDE929E6C038005E3AC2 /* Build configuration list for PBXNativeTarget "MyPlaces" */;
			buildPhases = (
				9C67492D209B5A6EDA9D1DBE /* [CP] Check Pods Manifest.lock */,
				3AEDDDD129E6C035005E3AC2 /* Sources */,
				3AEDDDD229E6C035005E3AC2 /* Frameworks */,
				3AEDDDD329E6C035005E3AC2 /* Resources */,
				1FDD51A35A1C21FBE2005E1F /* [CP] Embed Pods Frameworks */,
			);
			buildRules = (
			);
			dependencies = (
			);
			name = MyPlaces;
			productName = MyPlaces;
			productReference = 3AEDDDD529E6C035005E3AC2 /* MyPlaces.app */;
			productType = "com.apple.product-type.application";
		};
/* End PBXNativeTarget section */

/* Begin PBXProject section */
		3AEDDDCD29E6C035005E3AC2 /* Project object */ = {
			isa = PBXProject;
			attributes = {
				BuildIndependentTargetsInParallel = 1;
				LastSwiftUpdateCheck = 1430;
				LastUpgradeCheck = 1430;
				TargetAttributes = {
					3AEDDDD429E6C035005E3AC2 = {
						CreatedOnToolsVersion = 14.3;
					};
				};
			};
			buildConfigurationList = 3AEDDDD029E6C035005E3AC2 /* Build configuration list for PBXProject "MyPlaces" */;
			compatibilityVersion = "Xcode 14.0";
			developmentRegion = en;
			hasScannedForEncodings = 0;
			knownRegions = (
				en,
				Base,
			);
			mainGroup = 3AEDDDCC29E6C035005E3AC2;
			productRefGroup = 3AEDDDD629E6C035005E3AC2 /* Products */;
			projectDirPath = "";
			projectRoot = "";
			targets = (
				3AEDDDD429E6C035005E3AC2 /* MyPlaces */,
			);
		};
/* End PBXProject section */

/* Begin PBXResourcesBuildPhase section */
		3AEDDDD329E6C035005E3AC2 /* Resources */ = {
			isa = PBXResourcesBuildPhase;
			buildActionMask = 2147483647;
			files = (
				3AEDDDE529E6C038005E3AC2 /* LaunchScreen.storyboard in Resources */,
				3AEDDDE229E6C038005E3AC2 /* Assets.xcassets in Resources */,
				3AEDDDE029E6C035005E3AC2 /* Main.storyboard in Resources */,
			);
			runOnlyForDeploymentPostprocessing = 0;
		};
/* End PBXResourcesBuildPhase section */

/* Begin PBXShellScriptBuildPhase section */
		1FDD51A35A1C21FBE2005E1F /* [CP] Embed Pods Frameworks */ = {
			isa = PBXShellScriptBuildPhase;
			buildActionMask = 2147483647;
			files = (
			);
			inputFileListPaths = (
				"${PODS_ROOT}/Target Support Files/Pods-MyPlaces/Pods-MyPlaces-frameworks-${CONFIGURATION}-input-files.xcfilelist",
			);
			name = "[CP] Embed Pods Frameworks";
			outputFileListPaths = (
				"${PODS_ROOT}/Target Support Files/Pods-MyPlaces/Pods-MyPlaces-frameworks-${CONFIGURATION}-output-files.xcfilelist",
			);
			runOnlyForDeploymentPostprocessing = 0;
			shellPath = /bin/sh;
			shellScript = "\"${PODS_ROOT}/Target Support Files/Pods-MyPlaces/Pods-MyPlaces-frameworks.sh\"\n";
			showEnvVarsInLog = 0;
		};
		9C67492D209B5A6EDA9D1DBE /* [CP] Check Pods Manifest.lock */ = {
			isa = PBXShellScriptBuildPhase;
			buildActionMask = 2147483647;
			files = (
			);
			inputFileListPaths = (
			);
			inputPaths = (
				"${PODS_PODFILE_DIR_PATH}/Podfile.lock",
				"${PODS_ROOT}/Manifest.lock",
			);
			name = "[CP] Check Pods Manifest.lock";
			outputFileListPaths = (
			);
			outputPaths = (
				"$(DERIVED_FILE_DIR)/Pods-MyPlaces-checkManifestLockResult.txt",
			);
			runOnlyForDeploymentPostprocessing = 0;
			shellPath = /bin/sh;
			shellScript = "diff \"${PODS_PODFILE_DIR_PATH}/Podfile.lock\" \"${PODS_ROOT}/Manifest.lock\" > /dev/null\nif [ $? != 0 ] ; then\n    # print error to STDERR\n    echo \"error: The sandbox is not in sync with the Podfile.lock. Run 'pod install' or update your CocoaPods installation.\" >&2\n    exit 1\nfi\n# This output is used by Xcode 'outputs' to avoid re-running this script phase.\necho \"SUCCESS\" > \"${SCRIPT_OUTPUT_FILE_0}\"\n";
			showEnvVarsInLog = 0;
		};
/* End PBXShellScriptBuildPhase section */

/* Begin PBXSourcesBuildPhase section */
		3AEDDDD129E6C035005E3AC2 /* Sources */ = {
			isa = PBXSourcesBuildPhase;
			buildActionMask = 2147483647;
			files = (
				3AEDDDED29E6C5C5005E3AC2 /* MainViewController.swift in Sources */,
				3AC4E02729E825AB006EE2AF /* NewPlaceViewController.swift in Sources */,
				3AEDDDD929E6C035005E3AC2 /* AppDelegate.swift in Sources */,
				3A904AD929E97E3400F570F1 /* StorageManager.swift in Sources */,
				3A4F2D3629FA878F00DD92D6 /* MapViewController.swift in Sources */,
				3AF97F9229F2645A006FB7DD /* RatingControl.swift in Sources */,
				3A714DCD2A04EC9100BF76C4 /* MapManager.swift in Sources */,
				3AC4E02529E7ED21006EE2AF /* PlaceModel.swift in Sources */,
				3AC4E02329E7E370006EE2AF /* CustomTableViewCell.swift in Sources */,
				3AEDDDDB29E6C035005E3AC2 /* SceneDelegate.swift in Sources */,
			);
			runOnlyForDeploymentPostprocessing = 0;
		};
/* End PBXSourcesBuildPhase section */

/* Begin PBXVariantGroup section */
		3AEDDDDE29E6C035005E3AC2 /* Main.storyboard */ = {
			isa = PBXVariantGroup;
			children = (
				3AEDDDDF29E6C035005E3AC2 /* Base */,
			);
			name = Main.storyboard;
			sourceTree = "<group>";
		};
		3AEDDDE329E6C038005E3AC2 /* LaunchScreen.storyboard */ = {
			isa = PBXVariantGroup;
			children = (
				3AEDDDE429E6C038005E3AC2 /* Base */,
			);
			name = LaunchScreen.storyboard;
			sourceTree = "<group>";
		};
/* End PBXVariantGroup section */

/* Begin XCBuildConfiguration section */
		3AEDDDE729E6C038005E3AC2 /* Debug */ = {
			isa = XCBuildConfiguration;
			buildSettings = {
				ALWAYS_SEARCH_USER_PATHS = NO;
				CLANG_ANALYZER_NONNULL = YES;
				CLANG_ANALYZER_NUMBER_OBJECT_CONVERSION = YES_AGGRESSIVE;
				CLANG_CXX_LANGUAGE_STANDARD = "gnu++20";
				CLANG_ENABLE_MODULES = YES;
				CLANG_ENABLE_OBJC_ARC = YES;
				CLANG_ENABLE_OBJC_WEAK = YES;
				CLANG_WARN_BLOCK_CAPTURE_AUTORELEASING = YES;
				CLANG_WARN_BOOL_CONVERSION = YES;
				CLANG_WARN_COMMA = YES;
				CLANG_WARN_CONSTANT_CONVERSION = YES;
				CLANG_WARN_DEPRECATED_OBJC_IMPLEMENTATIONS = YES;
				CLANG_WARN_DIRECT_OBJC_ISA_USAGE = YES_ERROR;
				CLANG_WARN_DOCUMENTATION_COMMENTS = YES;
				CLANG_WARN_EMPTY_BODY = YES;
				CLANG_WARN_ENUM_CONVERSION = YES;
				CLANG_WARN_INFINITE_RECURSION = YES;
				CLANG_WARN_INT_CONVERSION = YES;
				CLANG_WARN_NON_LITERAL_NULL_CONVERSION = YES;
				CLANG_WARN_OBJC_IMPLICIT_RETAIN_SELF = YES;
				CLANG_WARN_OBJC_LITERAL_CONVERSION = YES;
				CLANG_WARN_OBJC_ROOT_CLASS = YES_ERROR;
				CLANG_WARN_QUOTED_INCLUDE_IN_FRAMEWORK_HEADER = YES;
				CLANG_WARN_RANGE_LOOP_ANALYSIS = YES;
				CLANG_WARN_STRICT_PROTOTYPES = YES;
				CLANG_WARN_SUSPICIOUS_MOVE = YES;
				CLANG_WARN_UNGUARDED_AVAILABILITY = YES_AGGRESSIVE;
				CLANG_WARN_UNREACHABLE_CODE = YES;
				CLANG_WARN__DUPLICATE_METHOD_MATCH = YES;
				COPY_PHASE_STRIP = NO;
				DEBUG_INFORMATION_FORMAT = dwarf;
				ENABLE_STRICT_OBJC_MSGSEND = YES;
				ENABLE_TESTABILITY = YES;
				GCC_C_LANGUAGE_STANDARD = gnu11;
				GCC_DYNAMIC_NO_PIC = NO;
				GCC_NO_COMMON_BLOCKS = YES;
				GCC_OPTIMIZATION_LEVEL = 0;
				GCC_PREPROCESSOR_DEFINITIONS = (
					"DEBUG=1",
					"$(inherited)",
				);
				GCC_WARN_64_TO_32_BIT_CONVERSION = YES;
				GCC_WARN_ABOUT_RETURN_TYPE = YES_ERROR;
				GCC_WARN_UNDECLARED_SELECTOR = YES;
				GCC_WARN_UNINITIALIZED_AUTOS = YES_AGGRESSIVE;
				GCC_WARN_UNUSED_FUNCTION = YES;
				GCC_WARN_UNUSED_VARIABLE = YES;
				IPHONEOS_DEPLOYMENT_TARGET = 16.4;
				MTL_ENABLE_DEBUG_INFO = INCLUDE_SOURCE;
				MTL_FAST_MATH = YES;
				ONLY_ACTIVE_ARCH = YES;
				SDKROOT = iphoneos;
				SWIFT_ACTIVE_COMPILATION_CONDITIONS = DEBUG;
				SWIFT_OPTIMIZATION_LEVEL = "-Onone";
			};
			name = Debug;
		};
		3AEDDDE829E6C038005E3AC2 /* Release */ = {
			isa = XCBuildConfiguration;
			buildSettings = {
				ALWAYS_SEARCH_USER_PATHS = NO;
				CLANG_ANALYZER_NONNULL = YES;
				CLANG_ANALYZER_NUMBER_OBJECT_CONVERSION = YES_AGGRESSIVE;
				CLANG_CXX_LANGUAGE_STANDARD = "gnu++20";
				CLANG_ENABLE_MODULES = YES;
				CLANG_ENABLE_OBJC_ARC = YES;
				CLANG_ENABLE_OBJC_WEAK = YES;
				CLANG_WARN_BLOCK_CAPTURE_AUTORELEASING = YES;
				CLANG_WARN_BOOL_CONVERSION = YES;
				CLANG_WARN_COMMA = YES;
				CLANG_WARN_CONSTANT_CONVERSION = YES;
				CLANG_WARN_DEPRECATED_OBJC_IMPLEMENTATIONS = YES;
				CLANG_WARN_DIRECT_OBJC_ISA_USAGE = YES_ERROR;
				CLANG_WARN_DOCUMENTATION_COMMENTS = YES;
				CLANG_WARN_EMPTY_BODY = YES;
				CLANG_WARN_ENUM_CONVERSION = YES;
				CLANG_WARN_INFINITE_RECURSION = YES;
				CLANG_WARN_INT_CONVERSION = YES;
				CLANG_WARN_NON_LITERAL_NULL_CONVERSION = YES;
				CLANG_WARN_OBJC_IMPLICIT_RETAIN_SELF = YES;
				CLANG_WARN_OBJC_LITERAL_CONVERSION = YES;
				CLANG_WARN_OBJC_ROOT_CLASS = YES_ERROR;
				CLANG_WARN_QUOTED_INCLUDE_IN_FRAMEWORK_HEADER = YES;
				CLANG_WARN_RANGE_LOOP_ANALYSIS = YES;
				CLANG_WARN_STRICT_PROTOTYPES = YES;
				CLANG_WARN_SUSPICIOUS_MOVE = YES;
				CLANG_WARN_UNGUARDED_AVAILABILITY = YES_AGGRESSIVE;
				CLANG_WARN_UNREACHABLE_CODE = YES;
				CLANG_WARN__DUPLICATE_METHOD_MATCH = YES;
				COPY_PHASE_STRIP = NO;
				DEBUG_INFORMATION_FORMAT = "dwarf-with-dsym";
				ENABLE_NS_ASSERTIONS = NO;
				ENABLE_STRICT_OBJC_MSGSEND = YES;
				GCC_C_LANGUAGE_STANDARD = gnu11;
				GCC_NO_COMMON_BLOCKS = YES;
				GCC_WARN_64_TO_32_BIT_CONVERSION = YES;
				GCC_WARN_ABOUT_RETURN_TYPE = YES_ERROR;
				GCC_WARN_UNDECLARED_SELECTOR = YES;
				GCC_WARN_UNINITIALIZED_AUTOS = YES_AGGRESSIVE;
				GCC_WARN_UNUSED_FUNCTION = YES;
				GCC_WARN_UNUSED_VARIABLE = YES;
				IPHONEOS_DEPLOYMENT_TARGET = 16.4;
				MTL_ENABLE_DEBUG_INFO = NO;
				MTL_FAST_MATH = YES;
				SDKROOT = iphoneos;
				SWIFT_COMPILATION_MODE = wholemodule;
				SWIFT_OPTIMIZATION_LEVEL = "-O";
				VALIDATE_PRODUCT = YES;
			};
			name = Release;
		};
		3AEDDDEA29E6C038005E3AC2 /* Debug */ = {
			isa = XCBuildConfiguration;
			baseConfigurationReference = 1D6DD9268FF36B346986A31D /* Pods-MyPlaces.debug.xcconfig */;
			buildSettings = {
				ASSETCATALOG_COMPILER_APPICON_NAME = AppIcon;
				ASSETCATALOG_COMPILER_GLOBAL_ACCENT_COLOR_NAME = AccentColor;
				ASSETCATALOG_COMPILER_INCLUDE_ALL_APPICON_ASSETS = NO;
				CODE_SIGN_STYLE = Automatic;
				CURRENT_PROJECT_VERSION = 1;
				DEVELOPMENT_TEAM = CD2H8U7Z2G;
				GENERATE_INFOPLIST_FILE = YES;
				INFOPLIST_FILE = MyPlaces/Info.plist;
				INFOPLIST_KEY_UIApplicationSupportsIndirectInputEvents = YES;
				INFOPLIST_KEY_UILaunchStoryboardName = LaunchScreen;
				INFOPLIST_KEY_UIMainStoryboardFile = Main;
				INFOPLIST_KEY_UISupportedInterfaceOrientations = UIInterfaceOrientationPortrait;
				INFOPLIST_KEY_UISupportedInterfaceOrientations_iPad = "UIInterfaceOrientationLandscapeLeft UIInterfaceOrientationLandscapeRight UIInterfaceOrientationPortrait UIInterfaceOrientationPortraitUpsideDown";
				IPHONEOS_DEPLOYMENT_TARGET = 16.0;
				LD_RUNPATH_SEARCH_PATHS = (
					"$(inherited)",
					"@executable_path/Frameworks",
				);
				MARKETING_VERSION = 1.0;
				PRODUCT_BUNDLE_IDENTIFIER = "Anton-Kasian.MyPlaces";
				PRODUCT_NAME = "$(TARGET_NAME)";
				SUPPORTED_PLATFORMS = "iphoneos iphonesimulator";
				SUPPORTS_MACCATALYST = NO;
				SUPPORTS_MAC_DESIGNED_FOR_IPHONE_IPAD = NO;
				SWIFT_EMIT_LOC_STRINGS = YES;
				SWIFT_VERSION = 5.0;
				TARGETED_DEVICE_FAMILY = 1;
			};
			name = Debug;
		};
		3AEDDDEB29E6C038005E3AC2 /* Release */ = {
			isa = XCBuildConfiguration;
			baseConfigurationReference = 16C99E64F3F1B80DF7419F18 /* Pods-MyPlaces.release.xcconfig */;
			buildSettings = {
				ASSETCATALOG_COMPILER_APPICON_NAME = AppIcon;
				ASSETCATALOG_COMPILER_GLOBAL_ACCENT_COLOR_NAME = AccentColor;
				ASSETCATALOG_COMPILER_INCLUDE_ALL_APPICON_ASSETS = NO;
				CODE_SIGN_STYLE = Automatic;
				CURRENT_PROJECT_VERSION = 1;
				DEVELOPMENT_TEAM = CD2H8U7Z2G;
				GENERATE_INFOPLIST_FILE = YES;
				INFOPLIST_FILE = MyPlaces/Info.plist;
				INFOPLIST_KEY_UIApplicationSupportsIndirectInputEvents = YES;
				INFOPLIST_KEY_UILaunchStoryboardName = LaunchScreen;
				INFOPLIST_KEY_UIMainStoryboardFile = Main;
				INFOPLIST_KEY_UISupportedInterfaceOrientations = UIInterfaceOrientationPortrait;
				INFOPLIST_KEY_UISupportedInterfaceOrientations_iPad = "UIInterfaceOrientationLandscapeLeft UIInterfaceOrientationLandscapeRight UIInterfaceOrientationPortrait UIInterfaceOrientationPortraitUpsideDown";
				IPHONEOS_DEPLOYMENT_TARGET = 16.0;
				LD_RUNPATH_SEARCH_PATHS = (
					"$(inherited)",
					"@executable_path/Frameworks",
				);
				MARKETING_VERSION = 1.0;
				PRODUCT_BUNDLE_IDENTIFIER = "Anton-Kasian.MyPlaces";
				PRODUCT_NAME = "$(TARGET_NAME)";
				SUPPORTED_PLATFORMS = "iphoneos iphonesimulator";
				SUPPORTS_MACCATALYST = NO;
				SUPPORTS_MAC_DESIGNED_FOR_IPHONE_IPAD = NO;
				SWIFT_EMIT_LOC_STRINGS = YES;
				SWIFT_VERSION = 5.0;
				TARGETED_DEVICE_FAMILY = 1;
			};
			name = Release;
		};
/* End XCBuildConfiguration section */

/* Begin XCConfigurationList section */
		3AEDDDD029E6C035005E3AC2 /* Build configuration list for PBXProject "MyPlaces" */ = {
			isa = XCConfigurationList;
			buildConfigurations = (
				3AEDDDE729E6C038005E3AC2 /* Debug */,
				3AEDDDE829E6C038005E3AC2 /* Release */,
			);
			defaultConfigurationIsVisible = 0;
			defaultConfigurationName = Release;
		};
		3AEDDDE929E6C038005E3AC2 /* Build configuration list for PBXNativeTarget "MyPlaces" */ = {
			isa = XCConfigurationList;
			buildConfigurations = (
				3AEDDDEA29E6C038005E3AC2 /* Debug */,
				3AEDDDEB29E6C038005E3AC2 /* Release */,
			);
			defaultConfigurationIsVisible = 0;
			defaultConfigurationName = Release;
		};
/* End XCConfigurationList section */
	};
	rootObject = 3AEDDDCD29E6C035005E3AC2 /* Project object */;
}
